
Microsoft Visual Studio Solution File, Format Version 12.00
# Visual Studio 2012
Project("{FAE04EC0-301F-11D3-BF4B-00C04F79EFBC}") = "PhoneBookApp", "PhoneBookApp\PhoneBookApp.csproj", "{D232DB0D-58E8-4EC1-94B2-6A868EE4AD13}"
EndProject
Project("{FAE04EC0-301F-11D3-BF4B-00C04F79EFBC}") = "Entity", "Entity\Entity.csproj", "{38394BA2-CC2B-40FB-9F93-5D79E0687A0A}"
EndProject
Project("{FAE04EC0-301F-11D3-BF4B-00C04F79EFBC}") = "BusinessLayer", "BusinessLayer\BusinessLayer.csproj", "{73D1532A-9215-4057-9D7F-4B301F790E2B}"
EndProject
Project("{FAE04EC0-301F-11D3-BF4B-00C04F79EFBC}") = "DataAccessLayer", "DataAccessLayer\DataAccessLayer.csproj", "{A483E55F-417D-4DF3-B328-55315EFD6C3E}"
EndProject
Global
	GlobalSection(SolutionConfigurationPlatforms) = preSolution
		Debug|Any CPU = Debug|Any CPU
		Release|Any CPU = Release|Any CPU
	EndGlobalSection
	GlobalSection(ProjectConfigurationPlatforms) = postSolution
		{D232DB0D-58E8-4EC1-94B2-6A868EE4AD13}.Debug|Any CPU.ActiveCfg = Debug|Any CPU
		{D232DB0D-58E8-4EC1-94B2-6A868EE4AD13}.Debug|Any CPU.Build.0 = Debug|Any CPU
		{D232DB0D-58E8-4EC1-94B2-6A868EE4AD13}.Release|Any CPU.ActiveCfg = Release|Any CPU
		{D232DB0D-58E8-4EC1-94B2-6A868EE4AD13}.Release|Any CPU.Build.0 = Release|Any CPU
		{38394BA2-CC2B-40FB-9F93-5D79E0687A0A}.Debug|Any CPU.ActiveCfg = Debug|Any CPU
		{38394BA2-CC2B-40FB-9F93-5D79E0687A0A}.Debug|Any CPU.Build.0 = Debug|Any CPU
		{38394BA2-CC2B-40FB-9F93-5D79E0687A0A}.Release|Any CPU.ActiveCfg = Release|Any CPU
		{38394BA2-CC2B-40FB-9F93-5D79E0687A0A}.Release|Any CPU.Build.0 = Release|Any CPU
		{73D1532A-9215-4057-9D7F-4B301F790E2B}.Debug|Any CPU.ActiveCfg = Debug|Any CPU
		{73D1532A-9215-4057-9D7F-4B301F790E2B}.Debug|Any CPU.Build.0 = Debug|Any CPU
		{73D1532A-9215-4057-9D7F-4B301F790E2B}.Release|Any CPU.ActiveCfg = Release|Any CPU
		{73D1532A-9215-4057-9D7F-4B301F790E2B}.Release|Any CPU.Build.0 = Release|Any CPU
		{A483E55F-417D-4DF3-B328-55315EFD6C3E}.Debug|Any CPU.ActiveCfg = Debug|Any CPU
		{A483E55F-417D-4DF3-B328-55315EFD6C3E}.Debug|Any CPU.Build.0 = Debug|Any CPU
		{A483E55F-417D-4DF3-B328-55315EFD6C3E}.Release|Any CPU.ActiveCfg = Release|Any CPU
		{A483E55F-417D-4DF3-B328-55315EFD6C3E}.Release|Any CPU.Build.0 = Release|Any CPU
	EndGlobalSection
	GlobalSection(SolutionProperties) = preSolution
		HideSolutionNode = FALSE
	EndGlobalSection
EndGlobal
